<?xml version="1.0" encoding="utf-8"?>
<Project ToolsVersion="4.0" xmlns="http://schemas.microsoft.com/developer/msbuild/2003">
  <ItemGroup>
    <Filter Include="소스 파일">
      <UniqueIdentifier>{4FC737F1-C7A5-4376-A066-2A32D752A2FF}</UniqueIdentifier>
      <Extensions>cpp;c;cc;cxx;c++;cppm;ixx;def;odl;idl;hpj;bat;asm;asmx</Extensions>
    </Filter>
    <Filter Include="헤더 파일">
      <UniqueIdentifier>{93995380-89BD-4b04-88EB-625FBE52EBFB}</UniqueIdentifier>
      <Extensions>h;hh;hpp;hxx;h++;hm;inl;inc;ipp;xsd</Extensions>
    </Filter>
    <Filter Include="리소스 파일">
      <UniqueIdentifier>{67DA6AB6-F800-4c08-8B7A-83BB121AAD01}</UniqueIdentifier>
      <Extensions>rc;ico;cur;bmp;dlg;rc2;rct;bin;rgs;gif;jpg;jpeg;jpe;resx;tiff;tif;png;wav;mfcribbon-ms</Extensions>
    </Filter>
    <Filter Include="PicnicGraphics">
      <UniqueIdentifier>{b5e5c1e1-affe-4260-b136-1f97e4dc57d4}</UniqueIdentifier>
    </Filter>
    <Filter Include="PicnicGraphics\GraphicsAPI">
      <UniqueIdentifier>{098d4ea7-db79-440e-8b1a-e7f86f786aef}</UniqueIdentifier>
    </Filter>
    <Filter Include="PicnicGraphics\GraphicsCore">
      <UniqueIdentifier>{56891195-805c-4338-83be-e242a52ec6ea}</UniqueIdentifier>
    </Filter>
    <Filter Include="PicnicGraphics\Resources">
      <UniqueIdentifier>{4e6ccea0-a396-433e-b2a7-9c1454bf8fe1}</UniqueIdentifier>
    </Filter>
    <Filter Include="PicnicGraphics\Manager">
      <UniqueIdentifier>{f629217a-356f-49e7-b3ae-213c04c90117}</UniqueIdentifier>
    </Filter>
    <Filter Include="PicnicGraphics\Manager\BindingClass">
      <UniqueIdentifier>{43ad01ee-16bf-4e17-b517-61ac7b4371c7}</UniqueIdentifier>
    </Filter>
    <Filter Include="PicnicGraphics\Manager\ResourceFactory">
      <UniqueIdentifier>{e1d16e73-2550-4dad-b60f-11be9d71386f}</UniqueIdentifier>
    </Filter>
    <Filter Include="PicnicGraphics\Manager\ResourceFactory\RasterizerStateFactory">
      <UniqueIdentifier>{5724764b-1701-4a48-a8ad-58876644f4e1}</UniqueIdentifier>
    </Filter>
    <Filter Include="PicnicGraphics\Manager\ResourceFactory\ShaderFactory">
      <UniqueIdentifier>{d7a91e49-e8b9-423b-9de4-89c9d283fd78}</UniqueIdentifier>
    </Filter>
    <Filter Include="PicnicGraphics\Manager\ResourceFactory\ShaderFactory\ShaderLoader">
      <UniqueIdentifier>{d0bf7ad1-5eb5-4f00-9775-5abb076a21e8}</UniqueIdentifier>
    </Filter>
    <Filter Include="PicnicGraphics\Manager\ResourceFactory\ShaderFactory\DefaultShaderLoader">
      <UniqueIdentifier>{86f8fef4-aaf7-4364-a9de-174880b21812}</UniqueIdentifier>
    </Filter>
    <Filter Include="PicnicGraphics\Manager\ResourceFactory\TextureFactory">
      <UniqueIdentifier>{6614b325-26fc-4a6b-95f0-78e17d57d375}</UniqueIdentifier>
    </Filter>
    <Filter Include="PicnicGraphics\Manager\ResourceFactory\ModelFactory">
      <UniqueIdentifier>{20cd7bf5-7a25-4c05-b2fb-ab0b7252eac8}</UniqueIdentifier>
    </Filter>
    <Filter Include="PicnicGraphics\Manager\ResourceFactory\RenderingFactory">
      <UniqueIdentifier>{b3065e3a-262a-4f49-9a64-a8f06f05d4b1}</UniqueIdentifier>
    </Filter>
    <Filter Include="PicnicGraphics\Manager\BindingClass\BindingCamera">
      <UniqueIdentifier>{d8d1e901-fd13-4aee-8c8a-ff5ff67ec3eb}</UniqueIdentifier>
    </Filter>
    <Filter Include="PicnicGraphics\Manager\ResourceFactory\BufferFactory">
      <UniqueIdentifier>{54853a4f-2f5a-42f5-882e-e4ce0e8f1c22}</UniqueIdentifier>
    </Filter>
    <Filter Include="PicnicGraphics\Manager\BindingClass\BindingQuad">
      <UniqueIdentifier>{89ccd8a2-344c-4f31-aebd-580f2c2f7f39}</UniqueIdentifier>
    </Filter>
    <Filter Include="PicnicGraphics\Manager\BindingClass\BindingRect">
      <UniqueIdentifier>{59260eb4-0031-4738-8482-58c1dbcfa99b}</UniqueIdentifier>
    </Filter>
  </ItemGroup>
  <ItemGroup>
    <ClInclude Include="framework.h">
      <Filter>헤더 파일</Filter>
    </ClInclude>
    <ClInclude Include="pch.h">
      <Filter>헤더 파일</Filter>
    </ClInclude>
    <ClInclude Include="GraphicsCore.h">
      <Filter>PicnicGraphics\GraphicsCore</Filter>
    </ClInclude>
    <ClInclude Include="GraphicsEngine.h">
      <Filter>PicnicGraphics\GraphicsCore</Filter>
    </ClInclude>
    <ClInclude Include="PixelGraphicsLib.h">
      <Filter>PicnicGraphics\GraphicsAPI</Filter>
    </ClInclude>
    <ClInclude Include="Rendering.h">
      <Filter>PicnicGraphics\Manager</Filter>
    </ClInclude>
    <ClInclude Include="ModelResources.h">
      <Filter>PicnicGraphics\Resources</Filter>
    </ClInclude>
    <ClInclude Include="CBufferResources.h">
      <Filter>PicnicGraphics\Resources</Filter>
    </ClInclude>
    <ClInclude Include="SimpleMath.h">
      <Filter>PicnicGraphics\Resources</Filter>
    </ClInclude>
    <ClInclude Include="InputLayout.h">
      <Filter>PicnicGraphics\Resources</Filter>
    </ClInclude>
    <ClInclude Include="inc\VertexData.h">
      <Filter>PicnicGraphics\Resources</Filter>
    </ClInclude>
    <ClInclude Include="Export\PixelGraphicsAPI.h">
      <Filter>PicnicGraphics\GraphicsAPI</Filter>
    </ClInclude>
    <ClInclude Include="Export\PixelGraphicsDLL.h">
      <Filter>PicnicGraphics\GraphicsAPI</Filter>
    </ClInclude>
    <ClInclude Include="stb_image.h">
      <Filter>PicnicGraphics\Resources</Filter>
    </ClInclude>
    <ClInclude Include="Export\RenderringData.h">
      <Filter>PicnicGraphics\Resources</Filter>
    </ClInclude>
    <ClInclude Include="ResourceFactory.h">
      <Filter>PicnicGraphics\Manager\ResourceFactory</Filter>
    </ClInclude>
    <ClInclude Include="RasterizerStateFactory.h">
      <Filter>PicnicGraphics\Manager\ResourceFactory\RasterizerStateFactory</Filter>
    </ClInclude>
    <ClInclude Include="KeyAllocator.h">
      <Filter>PicnicGraphics</Filter>
    </ClInclude>
    <ClInclude Include="ShaderFactory.h">
      <Filter>PicnicGraphics\Manager\ResourceFactory\ShaderFactory</Filter>
    </ClInclude>
    <ClInclude Include="ShaderLoader.h">
      <Filter>PicnicGraphics\Manager\ResourceFactory\ShaderFactory\ShaderLoader</Filter>
    </ClInclude>
    <ClInclude Include="DefaultShaderLoader.h">
      <Filter>PicnicGraphics\Manager\ResourceFactory\ShaderFactory\DefaultShaderLoader</Filter>
    </ClInclude>
    <ClInclude Include="TextureFactory.h">
      <Filter>PicnicGraphics\Manager\ResourceFactory\TextureFactory</Filter>
    </ClInclude>
    <ClInclude Include="PixelResources.h">
      <Filter>PicnicGraphics\Resources</Filter>
    </ClInclude>
    <ClInclude Include="resource.h">
      <Filter>헤더 파일</Filter>
    </ClInclude>
    <ClInclude Include="RenderingFactory.h">
      <Filter>PicnicGraphics\Manager\ResourceFactory\RenderingFactory</Filter>
    </ClInclude>
    <ClInclude Include="ModelFactory.h">
      <Filter>PicnicGraphics\Manager\ResourceFactory\ModelFactory</Filter>
    </ClInclude>
    <ClInclude Include="BindingClass.h">
      <Filter>PicnicGraphics\Manager\BindingClass</Filter>
    </ClInclude>
    <ClInclude Include="BindingCamera.h">
      <Filter>PicnicGraphics\Manager\BindingClass\BindingCamera</Filter>
    </ClInclude>
    <ClInclude Include="BufferFactory.h">
      <Filter>PicnicGraphics\Manager\ResourceFactory\BufferFactory</Filter>
    </ClInclude>
    <ClInclude Include="BindingQuad.h">
      <Filter>PicnicGraphics\Manager\BindingClass\BindingQuad</Filter>
    </ClInclude>
    <ClInclude Include="BindingRect.h">
      <Filter>PicnicGraphics\Manager\BindingClass\BindingRect</Filter>
    </ClInclude>
  </ItemGroup>
  <ItemGroup>
    <ClCompile Include="dllmain.cpp">
      <Filter>소스 파일</Filter>
    </ClCompile>
    <ClCompile Include="pch.cpp">
      <Filter>소스 파일</Filter>
    </ClCompile>
    <ClCompile Include="PixelGraphicsAPI.cpp">
      <Filter>PicnicGraphics\GraphicsAPI</Filter>
    </ClCompile>
    <ClCompile Include="GraphicsCore.cpp">
      <Filter>PicnicGraphics\GraphicsCore</Filter>
    </ClCompile>
    <ClCompile Include="GraphicsEngine.cpp">
      <Filter>PicnicGraphics\GraphicsCore</Filter>
    </ClCompile>
    <ClCompile Include="Rendering.cpp">
      <Filter>PicnicGraphics\Manager</Filter>
    </ClCompile>
    <ClCompile Include="RasterizerStateFactory.cpp">
      <Filter>PicnicGraphics\Manager\ResourceFactory\RasterizerStateFactory</Filter>
    </ClCompile>
    <ClCompile Include="KeyAllocator.cpp">
      <Filter>PicnicGraphics</Filter>
    </ClCompile>
    <ClCompile Include="ShaderFactory.cpp">
      <Filter>PicnicGraphics\Manager\ResourceFactory\ShaderFactory</Filter>
    </ClCompile>
    <ClCompile Include="ShaderLoader.cpp">
      <Filter>PicnicGraphics\Manager\ResourceFactory\ShaderFactory\ShaderLoader</Filter>
    </ClCompile>
    <ClCompile Include="DefaultShaderLoader.cpp">
      <Filter>PicnicGraphics\Manager\ResourceFactory\ShaderFactory\DefaultShaderLoader</Filter>
    </ClCompile>
    <ClCompile Include="TextureFactory.cpp">
      <Filter>PicnicGraphics\Manager\ResourceFactory\TextureFactory</Filter>
    </ClCompile>
    <ClCompile Include="RenderingFactory.cpp">
      <Filter>PicnicGraphics\Manager\ResourceFactory\RenderingFactory</Filter>
    </ClCompile>
    <ClCompile Include="ModelFactory.cpp">
      <Filter>PicnicGraphics\Manager\ResourceFactory\ModelFactory</Filter>
    </ClCompile>
    <ClCompile Include="BindingClass.cpp">
      <Filter>PicnicGraphics\Manager\BindingClass</Filter>
    </ClCompile>
    <ClCompile Include="BindingCamera.cpp">
      <Filter>PicnicGraphics\Manager\BindingClass\BindingCamera</Filter>
    </ClCompile>
    <ClCompile Include="BufferFactory.cpp">
      <Filter>PicnicGraphics\Manager\ResourceFactory\BufferFactory</Filter>
    </ClCompile>
    <ClCompile Include="BindingQuad.cpp">
      <Filter>PicnicGraphics\Manager\BindingClass\BindingQuad</Filter>
    </ClCompile>
    <ClCompile Include="ResourceFactory.cpp">
      <Filter>소스 파일</Filter>
    </ClCompile>
    <ClCompile Include="BindingRect.cpp">
      <Filter>PicnicGraphics\Manager\BindingClass\BindingRect</Filter>
    </ClCompile>
  </ItemGroup>
  <ItemGroup>
    <None Include="SimpleMath.inl">
      <Filter>PicnicGraphics\Resources</Filter>
    </None>
    <None Include="Shaders\MainHeader.hlsli">
      <Filter>리소스 파일</Filter>
    </None>
    <None Include="cpp.hint" />
  </ItemGroup>
  <ItemGroup>
    <FxCompile Include="Shaders\Debug_ps.hlsl">
      <Filter>리소스 파일</Filter>
    </FxCompile>
    <FxCompile Include="Shaders\Debug_vs.hlsl">
      <Filter>리소스 파일</Filter>
    </FxCompile>
    <FxCompile Include="Shaders\Skinning_ps.hlsl">
      <Filter>리소스 파일</Filter>
    </FxCompile>
    <FxCompile Include="Shaders\Skinning_vs.hlsl">
      <Filter>리소스 파일</Filter>
    </FxCompile>
    <FxCompile Include="Shaders\Static_ps.hlsl">
      <Filter>리소스 파일</Filter>
    </FxCompile>
    <FxCompile Include="Shaders\Static_vs.hlsl">
      <Filter>리소스 파일</Filter>
    </FxCompile>
  </ItemGroup>
  <ItemGroup>
    <ResourceCompile Include="PixelGraphics.rc">
      <Filter>리소스 파일</Filter>
    </ResourceCompile>
  </ItemGroup>
  <ItemGroup>
    <Image Include="Texture\test.png">
      <Filter>리소스 파일</Filter>
    </Image>
  </ItemGroup>
</Project>