<Solution>
  <Configurations>
    <BuildType Name="Debug" />
    <BuildType Name="Editor_d" />
    <BuildType Name="Release" />
    <Platform Name="x64" />
  </Configurations>
  <Project Path="Client/Client.vcxproj" Id="4d1d0bc9-bb1c-4dd0-a628-e0d684e2fd21">
    <BuildDependency Project="PixelEngine/PixelEngine.vcxproj" />
  </Project>
  <Project Path="Generate/Generate.vcxproj" Id="25a50c43-5f26-4079-985f-3c9130a09f34">
    <BuildDependency Project="PixelEngine/PixelEngine.vcxproj" />
    <BuildType Solution="Editor_d|*" Project="Release" />
  </Project>
  <Project Path="PixelEngine/PixelEngine.vcxproj" Id="ebc5deec-a4e3-441f-b2c2-75bb520403b5">
    <BuildDependency Project="PixelGraphics/PixelGraphics.vcxproj" />
  </Project>
  <Project Path="PixelGraphics/PixelGraphics.vcxproj" Id="90a09673-cd57-47dd-92b7-d8dfdfb3fbf0">
    <BuildDependency Project="PixelMeta/PixelMeta.vcxproj" />
  </Project>
  <Project Path="PixelMeta/PixelMeta.vcxproj" Id="d7bd2b79-6d42-4dae-a306-6e8eb34e489a">
    <BuildType Solution="Editor_d|*" Project="Release" />
  </Project>
  <Project Path="PixelTool/PixelTool.csproj" Id="92a9001b-3885-4616-8c8b-4e2dd7ffcc8d">
    <Platform Project="x64" />
  </Project>
</Solution>
