<?xml version="1.0" encoding="utf-8"?>
<Project ToolsVersion="4.0" xmlns="http://schemas.microsoft.com/developer/msbuild/2003">
  <ItemGroup>
    <Filter Include="소스 파일">
      <UniqueIdentifier>{4FC737F1-C7A5-4376-A066-2A32D752A2FF}</UniqueIdentifier>
      <Extensions>cpp;c;cc;cxx;c++;cppm;ixx;def;odl;idl;hpj;bat;asm;asmx</Extensions>
    </Filter>
    <Filter Include="헤더 파일">
      <UniqueIdentifier>{93995380-89BD-4b04-88EB-625FBE52EBFB}</UniqueIdentifier>
      <Extensions>h;hh;hpp;hxx;h++;hm;inl;inc;ipp;xsd</Extensions>
    </Filter>
    <Filter Include="리소스 파일">
      <UniqueIdentifier>{67DA6AB6-F800-4c08-8B7A-83BB121AAD01}</UniqueIdentifier>
      <Extensions>rc;ico;cur;bmp;dlg;rc2;rct;bin;rgs;gif;jpg;jpeg;jpe;resx;tiff;tif;png;wav;mfcribbon-ms</Extensions>
    </Filter>
    <Filter Include="EngineAPI">
      <UniqueIdentifier>{d32da822-231b-4acb-a06d-226a29fde016}</UniqueIdentifier>
    </Filter>
    <Filter Include="EngineAPI\pch">
      <UniqueIdentifier>{3d8fb4b2-2b35-4b0a-9a0c-15c5b73be8e7}</UniqueIdentifier>
    </Filter>
    <Filter Include="EngineAPI\Platform">
      <UniqueIdentifier>{bf365fef-644d-46e1-a5d7-fc90075a7a8a}</UniqueIdentifier>
    </Filter>
    <Filter Include="EngineAPI\Platform\Window">
      <UniqueIdentifier>{af612e66-de86-4e39-8f0e-b4558bb99f60}</UniqueIdentifier>
    </Filter>
    <Filter Include="EngineAPI\Manager">
      <UniqueIdentifier>{01a425fe-f48f-4f21-a628-dd34d9a56cc5}</UniqueIdentifier>
    </Filter>
    <Filter Include="EngineAPI\Manager\KeyInputManager">
      <UniqueIdentifier>{6ec3a1a1-c079-4b77-8b21-ad9317e33f5a}</UniqueIdentifier>
    </Filter>
    <Filter Include="EngineAPI\Manager\EngineManager">
      <UniqueIdentifier>{ef97bac9-5f23-4061-880b-dc50a4258060}</UniqueIdentifier>
    </Filter>
    <Filter Include="EngineAPI\Manager\TimeManager">
      <UniqueIdentifier>{d47675bc-5c4e-45a8-9193-712adc6f9d66}</UniqueIdentifier>
    </Filter>
  </ItemGroup>
  <ItemGroup>
    <ClInclude Include="framework.h">
      <Filter>헤더 파일</Filter>
    </ClInclude>
    <ClInclude Include="pch.h">
      <Filter>EngineAPI\pch</Filter>
    </ClInclude>
    <ClInclude Include="Export\PixelEngineDLL.h">
      <Filter>헤더 파일</Filter>
    </ClInclude>
    <ClInclude Include="Export\PixelEngineAPI.h">
      <Filter>EngineAPI</Filter>
    </ClInclude>
    <ClInclude Include="WindowPlatform.h">
      <Filter>EngineAPI\Platform\Window</Filter>
    </ClInclude>
    <ClInclude Include="Platform.h">
      <Filter>EngineAPI\Platform</Filter>
    </ClInclude>
    <ClInclude Include="PixelEngine.h">
      <Filter>EngineAPI</Filter>
    </ClInclude>
    <ClInclude Include="KeyInputManager.h">
      <Filter>EngineAPI\Manager\KeyInputManager</Filter>
    </ClInclude>
    <ClInclude Include="EngineManager.h">
      <Filter>EngineAPI\Manager\EngineManager</Filter>
    </ClInclude>
    <ClInclude Include="TimeManager.h">
      <Filter>EngineAPI\Manager\TimeManager</Filter>
    </ClInclude>
  </ItemGroup>
  <ItemGroup>
    <ClCompile Include="dllmain.cpp">
      <Filter>소스 파일</Filter>
    </ClCompile>
    <ClCompile Include="PixelEngineAPI.cpp">
      <Filter>EngineAPI</Filter>
    </ClCompile>
    <ClCompile Include="pch.cpp">
      <Filter>EngineAPI\pch</Filter>
    </ClCompile>
    <ClCompile Include="WindowPlatform.cpp">
      <Filter>EngineAPI\Platform\Window</Filter>
    </ClCompile>
    <ClCompile Include="PixelEngine.cpp">
      <Filter>EngineAPI</Filter>
    </ClCompile>
    <ClCompile Include="KeyInputManager.cpp">
      <Filter>EngineAPI\Manager\KeyInputManager</Filter>
    </ClCompile>
    <ClCompile Include="EngineManager.cpp">
      <Filter>EngineAPI\Manager\EngineManager</Filter>
    </ClCompile>
    <ClCompile Include="TimeManager.cpp">
      <Filter>EngineAPI\Manager\TimeManager</Filter>
    </ClCompile>
  </ItemGroup>
</Project>