<?xml version="1.0" encoding="utf-8"?>
<Project ToolsVersion="4.0" xmlns="http://schemas.microsoft.com/developer/msbuild/2003">
  <ItemGroup>
    <Filter Include="소스 파일">
      <UniqueIdentifier>{4FC737F1-C7A5-4376-A066-2A32D752A2FF}</UniqueIdentifier>
      <Extensions>cpp;c;cc;cxx;c++;cppm;ixx;def;odl;idl;hpj;bat;asm;asmx</Extensions>
    </Filter>
    <Filter Include="헤더 파일">
      <UniqueIdentifier>{93995380-89BD-4b04-88EB-625FBE52EBFB}</UniqueIdentifier>
      <Extensions>h;hh;hpp;hxx;h++;hm;inl;inc;ipp;xsd</Extensions>
    </Filter>
    <Filter Include="리소스 파일">
      <UniqueIdentifier>{67DA6AB6-F800-4c08-8B7A-83BB121AAD01}</UniqueIdentifier>
      <Extensions>rc;ico;cur;bmp;dlg;rc2;rct;bin;rgs;gif;jpg;jpeg;jpe;resx;tiff;tif;png;wav;mfcribbon-ms</Extensions>
    </Filter>
    <Filter Include="EngineAPI">
      <UniqueIdentifier>{d32da822-231b-4acb-a06d-226a29fde016}</UniqueIdentifier>
    </Filter>
    <Filter Include="EngineAPI\pch">
      <UniqueIdentifier>{3d8fb4b2-2b35-4b0a-9a0c-15c5b73be8e7}</UniqueIdentifier>
    </Filter>
    <Filter Include="EngineAPI\Manager">
      <UniqueIdentifier>{01a425fe-f48f-4f21-a628-dd34d9a56cc5}</UniqueIdentifier>
    </Filter>
    <Filter Include="EngineAPI\Manager\KeyInputManager">
      <UniqueIdentifier>{6ec3a1a1-c079-4b77-8b21-ad9317e33f5a}</UniqueIdentifier>
    </Filter>
    <Filter Include="EngineAPI\Manager\EngineManager">
      <UniqueIdentifier>{ef97bac9-5f23-4061-880b-dc50a4258060}</UniqueIdentifier>
    </Filter>
    <Filter Include="EngineAPI\Manager\TimeManager">
      <UniqueIdentifier>{d47675bc-5c4e-45a8-9193-712adc6f9d66}</UniqueIdentifier>
    </Filter>
    <Filter Include="EngineAPI\GameObject">
      <UniqueIdentifier>{fd91ae43-897d-4d8d-8b7c-398fa825e79e}</UniqueIdentifier>
    </Filter>
    <Filter Include="EngineAPI\Module">
      <UniqueIdentifier>{c4a2fc1a-e97f-48c7-b9e2-b8c39a49d2b4}</UniqueIdentifier>
    </Filter>
    <Filter Include="EngineAPI\Module\Transform">
      <UniqueIdentifier>{72ac7abd-9e55-4d0e-9c5a-b727899add8e}</UniqueIdentifier>
    </Filter>
    <Filter Include="EngineAPI\Types">
      <UniqueIdentifier>{059cdd80-82b6-4efa-b0c2-0704175cf3c1}</UniqueIdentifier>
    </Filter>
    <Filter Include="EngineAPI\Types\Vector3">
      <UniqueIdentifier>{63d2d554-216a-419a-9c82-c1aa77f8367a}</UniqueIdentifier>
    </Filter>
    <Filter Include="EngineAPI\Types\Matrix">
      <UniqueIdentifier>{6504ab51-dee4-430b-a0b2-8af62ef26674}</UniqueIdentifier>
    </Filter>
    <Filter Include="EngineAPI\Module\Module">
      <UniqueIdentifier>{313a14e0-ecd1-4ed4-a4bf-bb4c5358dd87}</UniqueIdentifier>
    </Filter>
    <Filter Include="EngineAPI\Module\Renderer">
      <UniqueIdentifier>{a63a91de-52cd-4300-bd7c-6a629bf674d0}</UniqueIdentifier>
    </Filter>
    <Filter Include="EngineAPI\Manager\LuaManager">
      <UniqueIdentifier>{ba574e3a-2e7c-4a25-a783-1c8b39736d2b}</UniqueIdentifier>
    </Filter>
    <Filter Include="EngineAPI\Manager\FunctionManager">
      <UniqueIdentifier>{5ce280f1-4a93-4944-93e5-52d1bf5e2c7f}</UniqueIdentifier>
    </Filter>
    <Filter Include="EngineAPI\Manager\SceneManager">
      <UniqueIdentifier>{71956ce1-f04f-4034-99f8-9a421fb9d93f}</UniqueIdentifier>
    </Filter>
    <Filter Include="EngineAPI\Module\DebugCamera">
      <UniqueIdentifier>{dbbcd275-3e77-41d3-9c4d-cc58a12c6021}</UniqueIdentifier>
    </Filter>
    <Filter Include="EngineAPI\Module\Renderer2D">
      <UniqueIdentifier>{9bcc0a18-ef41-4021-b5a3-debac0af3999}</UniqueIdentifier>
    </Filter>
    <Filter Include="EngineAPI\Module\LuaScript">
      <UniqueIdentifier>{4a286522-28ec-4098-bc1e-2c1d09fbc887}</UniqueIdentifier>
    </Filter>
    <Filter Include="EngineAPI\Module\Camera">
      <UniqueIdentifier>{bdcf9ffd-50f5-49b1-9790-e5b821a048c6}</UniqueIdentifier>
    </Filter>
    <Filter Include="EngineAPI\Manager\TextureManager">
      <UniqueIdentifier>{01eb86b2-74e2-4bff-ba1c-63b39a80018f}</UniqueIdentifier>
    </Filter>
    <Filter Include="EngineAPI\Manager\ResourceManager">
      <UniqueIdentifier>{d6f518e3-501d-4b3a-b189-73aef13abd36}</UniqueIdentifier>
    </Filter>
    <Filter Include="EngineAPI\Manager\BindManager">
      <UniqueIdentifier>{3bdc39e6-20c2-4ee3-bb49-4ae3d6cd2564}</UniqueIdentifier>
    </Filter>
    <Filter Include="EngineAPI\Manager\CollisionManager">
      <UniqueIdentifier>{9840a7a7-5341-4ad2-b197-d24b25780d09}</UniqueIdentifier>
    </Filter>
    <Filter Include="EngineAPI\Module\Collision2D">
      <UniqueIdentifier>{a8cbb97f-5bb8-46a6-9e44-fba35d72d292}</UniqueIdentifier>
    </Filter>
    <Filter Include="EngineAPI\Types\Rect">
      <UniqueIdentifier>{29cb6009-607d-4171-a3f9-9be0701c3c35}</UniqueIdentifier>
    </Filter>
    <Filter Include="EngineAPI\Manager\ObjectManager">
      <UniqueIdentifier>{c250685d-9e98-4160-94a0-d6dcfa200ff4}</UniqueIdentifier>
    </Filter>
  </ItemGroup>
  <ItemGroup>
    <ClInclude Include="framework.h">
      <Filter>헤더 파일</Filter>
    </ClInclude>
    <ClInclude Include="pch.h">
      <Filter>EngineAPI\pch</Filter>
    </ClInclude>
    <ClInclude Include="Export\PixelEngineDLL.h">
      <Filter>헤더 파일</Filter>
    </ClInclude>
    <ClInclude Include="Export\PixelEngineAPI.h">
      <Filter>EngineAPI</Filter>
    </ClInclude>
    <ClInclude Include="PixelEngine.h">
      <Filter>EngineAPI</Filter>
    </ClInclude>
    <ClInclude Include="KeyInputManager.h">
      <Filter>EngineAPI\Manager\KeyInputManager</Filter>
    </ClInclude>
    <ClInclude Include="EngineManager.h">
      <Filter>EngineAPI\Manager\EngineManager</Filter>
    </ClInclude>
    <ClInclude Include="TimeManager.h">
      <Filter>EngineAPI\Manager\TimeManager</Filter>
    </ClInclude>
    <ClInclude Include="PixelObject.h">
      <Filter>EngineAPI\GameObject</Filter>
    </ClInclude>
    <ClInclude Include="GameObject.h">
      <Filter>EngineAPI\GameObject</Filter>
    </ClInclude>
    <ClInclude Include="Transform.h">
      <Filter>EngineAPI\Module\Transform</Filter>
    </ClInclude>
    <ClInclude Include="Vector3.h">
      <Filter>EngineAPI\Types\Vector3</Filter>
    </ClInclude>
    <ClInclude Include="Matrix.h">
      <Filter>EngineAPI\Types\Matrix</Filter>
    </ClInclude>
    <ClInclude Include="BaseModule.h">
      <Filter>EngineAPI\Module\Module</Filter>
    </ClInclude>
    <ClInclude Include="Module.h">
      <Filter>EngineAPI\Module\Module</Filter>
    </ClInclude>
    <ClInclude Include="ObjectManager.h">
      <Filter>EngineAPI\Manager\ObjectManager</Filter>
    </ClInclude>
    <ClInclude Include="Renderer.h">
      <Filter>EngineAPI\Module\Renderer</Filter>
    </ClInclude>
    <ClInclude Include="LuaManager.h">
      <Filter>EngineAPI\Manager\LuaManager</Filter>
    </ClInclude>
    <ClInclude Include="FunctionManager.h">
      <Filter>EngineAPI\Manager\FunctionManager</Filter>
    </ClInclude>
    <ClInclude Include="SceneManager.h">
      <Filter>EngineAPI\Manager\SceneManager</Filter>
    </ClInclude>
    <ClInclude Include="Scene.h">
      <Filter>EngineAPI\Manager\SceneManager</Filter>
    </ClInclude>
    <ClInclude Include="DebugCamera.h">
      <Filter>EngineAPI\Module\DebugCamera</Filter>
    </ClInclude>
    <ClInclude Include="Renderer2D.h">
      <Filter>EngineAPI\Module\Renderer2D</Filter>
    </ClInclude>
    <ClInclude Include="LuaScript.h">
      <Filter>EngineAPI\Module\LuaScript</Filter>
    </ClInclude>
    <ClInclude Include="resource.h">
      <Filter>헤더 파일</Filter>
    </ClInclude>
    <ClInclude Include="Camera.h">
      <Filter>EngineAPI\Module\Camera</Filter>
    </ClInclude>
    <ClInclude Include="TextureManager.h">
      <Filter>EngineAPI\Manager\TextureManager</Filter>
    </ClInclude>
    <ClInclude Include="ResourceManager.h">
      <Filter>EngineAPI\Manager\ResourceManager</Filter>
    </ClInclude>
    <ClInclude Include="Action.h">
      <Filter>EngineAPI\Manager\FunctionManager</Filter>
    </ClInclude>
    <ClInclude Include="BindManager.h">
      <Filter>EngineAPI\Manager\BindManager</Filter>
    </ClInclude>
    <ClInclude Include="CollisionManager.h">
      <Filter>EngineAPI\Manager\CollisionManager</Filter>
    </ClInclude>
    <ClInclude Include="BoxCollision2D.h">
      <Filter>EngineAPI\Module\Collision2D</Filter>
    </ClInclude>
    <ClInclude Include="Rect.h">
      <Filter>EngineAPI\Types\Rect</Filter>
    </ClInclude>
    <ClInclude Include="GlobalBind.h">
      <Filter>EngineAPI\Manager\BindManager</Filter>
    </ClInclude>
  </ItemGroup>
  <ItemGroup>
    <ClCompile Include="dllmain.cpp">
      <Filter>소스 파일</Filter>
    </ClCompile>
    <ClCompile Include="PixelEngineAPI.cpp">
      <Filter>EngineAPI</Filter>
    </ClCompile>
    <ClCompile Include="pch.cpp">
      <Filter>EngineAPI\pch</Filter>
    </ClCompile>
    <ClCompile Include="PixelEngine.cpp">
      <Filter>EngineAPI</Filter>
    </ClCompile>
    <ClCompile Include="KeyInputManager.cpp">
      <Filter>EngineAPI\Manager\KeyInputManager</Filter>
    </ClCompile>
    <ClCompile Include="EngineManager.cpp">
      <Filter>EngineAPI\Manager\EngineManager</Filter>
    </ClCompile>
    <ClCompile Include="TimeManager.cpp">
      <Filter>EngineAPI\Manager\TimeManager</Filter>
    </ClCompile>
    <ClCompile Include="PixelObject.cpp">
      <Filter>EngineAPI\GameObject</Filter>
    </ClCompile>
    <ClCompile Include="GameObject.cpp">
      <Filter>EngineAPI\GameObject</Filter>
    </ClCompile>
    <ClCompile Include="Transform.cpp">
      <Filter>EngineAPI\Module\Transform</Filter>
    </ClCompile>
    <ClCompile Include="Vector3.cpp">
      <Filter>EngineAPI\Types\Vector3</Filter>
    </ClCompile>
    <ClCompile Include="Matrix.cpp">
      <Filter>EngineAPI\Types\Matrix</Filter>
    </ClCompile>
    <ClCompile Include="BaseModule.cpp">
      <Filter>EngineAPI\Module\Module</Filter>
    </ClCompile>
    <ClCompile Include="Module.cpp">
      <Filter>EngineAPI\Module\Module</Filter>
    </ClCompile>
    <ClCompile Include="ObjectManager.cpp">
      <Filter>EngineAPI\Manager\ObjectManager</Filter>
    </ClCompile>
    <ClCompile Include="Renderer.cpp">
      <Filter>EngineAPI\Module\Renderer</Filter>
    </ClCompile>
    <ClCompile Include="LuaManager.cpp">
      <Filter>EngineAPI\Manager\LuaManager</Filter>
    </ClCompile>
    <ClCompile Include="FunctionManager.cpp">
      <Filter>EngineAPI\Manager\FunctionManager</Filter>
    </ClCompile>
    <ClCompile Include="SceneManager.cpp">
      <Filter>EngineAPI\Manager\SceneManager</Filter>
    </ClCompile>
    <ClCompile Include="Scene.cpp">
      <Filter>EngineAPI\Manager\SceneManager</Filter>
    </ClCompile>
    <ClCompile Include="DebugCamera.cpp">
      <Filter>EngineAPI\Module\DebugCamera</Filter>
    </ClCompile>
    <ClCompile Include="Renderer2D.cpp">
      <Filter>EngineAPI\Module\Renderer2D</Filter>
    </ClCompile>
    <ClCompile Include="LuaScript.cpp">
      <Filter>EngineAPI\Module\LuaScript</Filter>
    </ClCompile>
    <ClCompile Include="Camera.cpp">
      <Filter>EngineAPI\Module\Camera</Filter>
    </ClCompile>
    <ClCompile Include="TextureManager.cpp">
      <Filter>EngineAPI\Manager\TextureManager</Filter>
    </ClCompile>
    <ClCompile Include="ResourceManager.cpp">
      <Filter>EngineAPI\Manager\ResourceManager</Filter>
    </ClCompile>
    <ClCompile Include="Action.cpp">
      <Filter>EngineAPI\Manager\FunctionManager</Filter>
    </ClCompile>
    <ClCompile Include="BindManager.cpp">
      <Filter>EngineAPI\Manager\BindManager</Filter>
    </ClCompile>
    <ClCompile Include="CollisionManager.cpp">
      <Filter>EngineAPI\Manager\CollisionManager</Filter>
    </ClCompile>
    <ClCompile Include="BoxCollision2D.cpp">
      <Filter>EngineAPI\Module\Collision2D</Filter>
    </ClCompile>
  </ItemGroup>
  <ItemGroup>
    <None Include="Setting.lua">
      <Filter>리소스 파일</Filter>
    </None>
  </ItemGroup>
  <ItemGroup>
    <ResourceCompile Include="PixelEngine.rc">
      <Filter>리소스 파일</Filter>
    </ResourceCompile>
  </ItemGroup>
</Project>