<?xml version="1.0" encoding="utf-8"?>
<Project ToolsVersion="4.0" xmlns="http://schemas.microsoft.com/developer/msbuild/2003">
  <ItemGroup>
    <Filter Include="소스 파일">
      <UniqueIdentifier>{4FC737F1-C7A5-4376-A066-2A32D752A2FF}</UniqueIdentifier>
      <Extensions>cpp;c;cc;cxx;c++;cppm;ixx;def;odl;idl;hpj;bat;asm;asmx</Extensions>
    </Filter>
    <Filter Include="헤더 파일">
      <UniqueIdentifier>{93995380-89BD-4b04-88EB-625FBE52EBFB}</UniqueIdentifier>
      <Extensions>h;hh;hpp;hxx;h++;hm;inl;inc;ipp;xsd</Extensions>
    </Filter>
    <Filter Include="리소스 파일">
      <UniqueIdentifier>{67DA6AB6-F800-4c08-8B7A-83BB121AAD01}</UniqueIdentifier>
      <Extensions>rc;ico;cur;bmp;dlg;rc2;rct;bin;rgs;gif;jpg;jpeg;jpe;resx;tiff;tif;png;wav;mfcribbon-ms</Extensions>
    </Filter>
    <Filter Include="EngineAPI">
      <UniqueIdentifier>{d32da822-231b-4acb-a06d-226a29fde016}</UniqueIdentifier>
    </Filter>
    <Filter Include="EngineAPI\pch">
      <UniqueIdentifier>{3d8fb4b2-2b35-4b0a-9a0c-15c5b73be8e7}</UniqueIdentifier>
    </Filter>
    <Filter Include="EngineAPI\Manager">
      <UniqueIdentifier>{01a425fe-f48f-4f21-a628-dd34d9a56cc5}</UniqueIdentifier>
    </Filter>
    <Filter Include="EngineAPI\Manager\KeyInputManager">
      <UniqueIdentifier>{6ec3a1a1-c079-4b77-8b21-ad9317e33f5a}</UniqueIdentifier>
    </Filter>
    <Filter Include="EngineAPI\Manager\EngineManager">
      <UniqueIdentifier>{ef97bac9-5f23-4061-880b-dc50a4258060}</UniqueIdentifier>
    </Filter>
    <Filter Include="EngineAPI\Manager\TimeManager">
      <UniqueIdentifier>{d47675bc-5c4e-45a8-9193-712adc6f9d66}</UniqueIdentifier>
    </Filter>
    <Filter Include="EngineAPI\Module">
      <UniqueIdentifier>{c4a2fc1a-e97f-48c7-b9e2-b8c39a49d2b4}</UniqueIdentifier>
    </Filter>
    <Filter Include="EngineAPI\Types">
      <UniqueIdentifier>{059cdd80-82b6-4efa-b0c2-0704175cf3c1}</UniqueIdentifier>
    </Filter>
    <Filter Include="EngineAPI\Module\Module">
      <UniqueIdentifier>{313a14e0-ecd1-4ed4-a4bf-bb4c5358dd87}</UniqueIdentifier>
    </Filter>
    <Filter Include="EngineAPI\Manager\LuaManager">
      <UniqueIdentifier>{ba574e3a-2e7c-4a25-a783-1c8b39736d2b}</UniqueIdentifier>
    </Filter>
    <Filter Include="EngineAPI\Manager\SceneManager">
      <UniqueIdentifier>{71956ce1-f04f-4034-99f8-9a421fb9d93f}</UniqueIdentifier>
    </Filter>
    <Filter Include="EngineAPI\Module\DebugCamera">
      <UniqueIdentifier>{dbbcd275-3e77-41d3-9c4d-cc58a12c6021}</UniqueIdentifier>
    </Filter>
    <Filter Include="EngineAPI\Manager\ResourceManager">
      <UniqueIdentifier>{d6f518e3-501d-4b3a-b189-73aef13abd36}</UniqueIdentifier>
    </Filter>
    <Filter Include="EngineAPI\Manager\BindManager">
      <UniqueIdentifier>{3bdc39e6-20c2-4ee3-bb49-4ae3d6cd2564}</UniqueIdentifier>
    </Filter>
    <Filter Include="EngineAPI\SmartPointer">
      <UniqueIdentifier>{2c28ed61-3fef-4644-a1f0-5afc614173e2}</UniqueIdentifier>
    </Filter>
    <Filter Include="EngineAPI\Types\Enum">
      <UniqueIdentifier>{45623185-d5f3-41eb-90a1-6af096f462a4}</UniqueIdentifier>
    </Filter>
    <Filter Include="EngineAPI\Manager\JsonManager">
      <UniqueIdentifier>{40ec7548-153f-44bb-a6c2-413bfc179305}</UniqueIdentifier>
    </Filter>
    <Filter Include="EngineAPI\Manager\GenerateManager">
      <UniqueIdentifier>{40286588-4176-4e72-843c-8b5e522b339c}</UniqueIdentifier>
    </Filter>
    <Filter Include="EngineAPI\Manager\EventManager">
      <UniqueIdentifier>{7d6ef083-32e5-4f6f-813f-142e4b417e71}</UniqueIdentifier>
    </Filter>
    <Filter Include="EngineAPI\Types\Bitmask">
      <UniqueIdentifier>{373794c8-365c-4532-8871-134652a9e750}</UniqueIdentifier>
    </Filter>
    <Filter Include="EngineAPI\Manager\CoroutineManager">
      <UniqueIdentifier>{bfdf58e2-560c-413b-a0ca-094fb7c679b4}</UniqueIdentifier>
    </Filter>
    <Filter Include="EngineAPI\Manager\PhysManager">
      <UniqueIdentifier>{9840a7a7-5341-4ad2-b197-d24b25780d09}</UniqueIdentifier>
    </Filter>
    <Filter Include="EngineAPI\Types\Math">
      <UniqueIdentifier>{b159098f-8947-4137-a1bb-2574b22c6a5d}</UniqueIdentifier>
    </Filter>
    <Filter Include="EngineAPI\ECS">
      <UniqueIdentifier>{3c873b64-e82c-4259-97b0-a927728ae160}</UniqueIdentifier>
    </Filter>
    <Filter Include="EngineAPI\ECS\Entity">
      <UniqueIdentifier>{86e0b90d-93d5-4fb2-bbee-7732ec9e874e}</UniqueIdentifier>
    </Filter>
    <Filter Include="EngineAPI\ECS\ID">
      <UniqueIdentifier>{a89f8a82-48c7-4d1f-b098-344e4f22397c}</UniqueIdentifier>
    </Filter>
    <Filter Include="EngineAPI\ECS\System">
      <UniqueIdentifier>{f95c0794-7ec4-4b00-976c-3f8d32a88f34}</UniqueIdentifier>
    </Filter>
    <Filter Include="EngineAPI\ECS\Component">
      <UniqueIdentifier>{c71a270c-99a9-4af7-b601-f5918ac8b664}</UniqueIdentifier>
    </Filter>
    <Filter Include="EngineAPI\ECS\Registry">
      <UniqueIdentifier>{54ec37f7-3b8c-497a-94e8-c90a205c6dc9}</UniqueIdentifier>
    </Filter>
    <Filter Include="EngineAPI\ECS\System\interface">
      <UniqueIdentifier>{44cef509-51ed-4e01-a741-a43ae37a4830}</UniqueIdentifier>
    </Filter>
    <Filter Include="EngineAPI\ECS\System\Manager">
      <UniqueIdentifier>{7926a4ad-02db-4d4d-a255-d24be58c3eaa}</UniqueIdentifier>
    </Filter>
    <Filter Include="EngineAPI\Manager\EditorManager">
      <UniqueIdentifier>{2c6f5dd8-16f7-4013-87a2-1ce4f003d9ca}</UniqueIdentifier>
    </Filter>
    <Filter Include="EngineAPI\Group">
      <UniqueIdentifier>{1155fa78-b661-4a65-8dc8-c660757f2c3a}</UniqueIdentifier>
    </Filter>
    <Filter Include="EngineAPI\Function">
      <UniqueIdentifier>{a0926078-2b36-4172-b6c2-37dbf79883fe}</UniqueIdentifier>
    </Filter>
    <Filter Include="EngineAPI\Function\Pool">
      <UniqueIdentifier>{1af7f5e8-8029-4b1b-be66-d56ca625d8de}</UniqueIdentifier>
    </Filter>
    <Filter Include="EngineAPI\Function\Debug">
      <UniqueIdentifier>{ffa2fbc2-4db7-4a13-b602-95a0900fe123}</UniqueIdentifier>
    </Filter>
    <Filter Include="EngineAPI\Function\Asset">
      <UniqueIdentifier>{1235cbf9-1187-45e7-bd68-a41e946a0f5d}</UniqueIdentifier>
    </Filter>
    <Filter Include="EngineAPI\Types\Vector3">
      <UniqueIdentifier>{b22778da-e375-4a9e-b076-d1c86f67c781}</UniqueIdentifier>
    </Filter>
  </ItemGroup>
  <ItemGroup>
    <ClInclude Include="framework.h">
      <Filter>헤더 파일</Filter>
    </ClInclude>
    <ClInclude Include="pch.h">
      <Filter>EngineAPI\pch</Filter>
    </ClInclude>
    <ClInclude Include="Export\PixelEngineAPI.h">
      <Filter>EngineAPI</Filter>
    </ClInclude>
    <ClInclude Include="PixelEngine.h">
      <Filter>EngineAPI</Filter>
    </ClInclude>
    <ClInclude Include="KeyInputManager.h">
      <Filter>EngineAPI\Manager\KeyInputManager</Filter>
    </ClInclude>
    <ClInclude Include="EngineManager.h">
      <Filter>EngineAPI\Manager\EngineManager</Filter>
    </ClInclude>
    <ClInclude Include="TimeManager.h">
      <Filter>EngineAPI\Manager\TimeManager</Filter>
    </ClInclude>
    <ClInclude Include="LuaManager.h">
      <Filter>EngineAPI\Manager\LuaManager</Filter>
    </ClInclude>
    <ClInclude Include="SceneManager.h">
      <Filter>EngineAPI\Manager\SceneManager</Filter>
    </ClInclude>
    <ClInclude Include="Scene.h">
      <Filter>EngineAPI\Manager\SceneManager</Filter>
    </ClInclude>
    <ClInclude Include="resource.h">
      <Filter>헤더 파일</Filter>
    </ClInclude>
    <ClInclude Include="ResourceManager.h">
      <Filter>EngineAPI\Manager\ResourceManager</Filter>
    </ClInclude>
    <ClInclude Include="BindManager.h">
      <Filter>EngineAPI\Manager\BindManager</Filter>
    </ClInclude>
    <ClInclude Include="PhysManager.h">
      <Filter>EngineAPI\Manager\PhysManager</Filter>
    </ClInclude>
    <ClInclude Include="WPointer.h">
      <Filter>EngineAPI\SmartPointer</Filter>
    </ClInclude>
    <ClInclude Include="PtrControlBlock.h">
      <Filter>EngineAPI\SmartPointer</Filter>
    </ClInclude>
    <ClInclude Include="SPointer.h">
      <Filter>EngineAPI\SmartPointer</Filter>
    </ClInclude>
    <ClInclude Include="UPointer.h">
      <Filter>EngineAPI\SmartPointer</Filter>
    </ClInclude>
    <ClInclude Include="Export\PixelEngineDLL.h">
      <Filter>헤더 파일</Filter>
    </ClInclude>
    <ClInclude Include="Export\Type\GlobalEnum.h">
      <Filter>EngineAPI\Types\Enum</Filter>
    </ClInclude>
    <ClInclude Include="Export\Core\Module.h">
      <Filter>EngineAPI\Module\Module</Filter>
    </ClInclude>
    <ClInclude Include="Export\Module\DebugCamera.h">
      <Filter>EngineAPI\Module\DebugCamera</Filter>
    </ClInclude>
    <ClInclude Include="LuaModuleInfo.h">
      <Filter>EngineAPI\Manager\LuaManager</Filter>
    </ClInclude>
    <ClInclude Include="Log.h">
      <Filter>EngineAPI\Function\Debug</Filter>
    </ClInclude>
    <ClInclude Include="Memory.h">
      <Filter>EngineAPI\Function\Debug</Filter>
    </ClInclude>
    <ClInclude Include="json.hpp">
      <Filter>헤더 파일</Filter>
    </ClInclude>
    <ClInclude Include="json_fwd.hpp">
      <Filter>헤더 파일</Filter>
    </ClInclude>
    <ClInclude Include="JsonManager.h">
      <Filter>EngineAPI\Manager\JsonManager</Filter>
    </ClInclude>
    <ClInclude Include="GenerateLuaBind.h">
      <Filter>EngineAPI\Manager\LuaManager</Filter>
    </ClInclude>
    <ClInclude Include="GenerateManager.h">
      <Filter>EngineAPI\Manager\GenerateManager</Filter>
    </ClInclude>
    <ClInclude Include="LuaSceneInfo.h">
      <Filter>EngineAPI\Manager\LuaManager</Filter>
    </ClInclude>
    <ClInclude Include="PixelMeta.h">
      <Filter>EngineAPI\Manager\GenerateManager</Filter>
    </ClInclude>
    <ClInclude Include="LuaBind.h">
      <Filter>EngineAPI\Manager\GenerateManager</Filter>
    </ClInclude>
    <ClInclude Include="IBind.h">
      <Filter>EngineAPI\Manager\GenerateManager</Filter>
    </ClInclude>
    <ClInclude Include="LSPBind.h">
      <Filter>EngineAPI\Manager\GenerateManager</Filter>
    </ClInclude>
    <ClInclude Include="EventManager.h">
      <Filter>EngineAPI\Manager\EventManager</Filter>
    </ClInclude>
    <ClInclude Include="Event.h">
      <Filter>EngineAPI\Manager\EventManager</Filter>
    </ClInclude>
    <ClInclude Include="TextureManager.h">
      <Filter>EngineAPI\Manager\ResourceManager</Filter>
    </ClInclude>
    <ClInclude Include="MaterialManager.h">
      <Filter>EngineAPI\Manager\ResourceManager</Filter>
    </ClInclude>
    <ClInclude Include="BitMask8.h">
      <Filter>EngineAPI\Types\Bitmask</Filter>
    </ClInclude>
    <ClInclude Include="CoroutineManager.h">
      <Filter>EngineAPI\Manager\CoroutineManager</Filter>
    </ClInclude>
    <ClInclude Include="ColliderFactory.h">
      <Filter>EngineAPI\Manager\PhysManager</Filter>
    </ClInclude>
    <ClInclude Include="PhysListener.h">
      <Filter>EngineAPI\Manager\PhysManager</Filter>
    </ClInclude>
    <ClInclude Include="PhysStruct.h">
      <Filter>EngineAPI\Manager\PhysManager</Filter>
    </ClInclude>
    <ClInclude Include="ModuleEntry.h">
      <Filter>EngineAPI\Module\Module</Filter>
    </ClInclude>
    <ClInclude Include="PixelMath.h">
      <Filter>EngineAPI\Types\Math</Filter>
    </ClInclude>
    <ClInclude Include="EntityObject.h">
      <Filter>EngineAPI\ECS\Entity</Filter>
    </ClInclude>
    <ClInclude Include="EntityID.h">
      <Filter>EngineAPI\ECS\ID</Filter>
    </ClInclude>
    <ClInclude Include="ComponentID.h">
      <Filter>EngineAPI\ECS\ID</Filter>
    </ClInclude>
    <ClInclude Include="Transform.h">
      <Filter>EngineAPI\ECS\Component</Filter>
    </ClInclude>
    <ClInclude Include="Registry.h">
      <Filter>EngineAPI\ECS\Registry</Filter>
    </ClInclude>
    <ClInclude Include="IComponentArray.h">
      <Filter>EngineAPI\ECS\Component</Filter>
    </ClInclude>
    <ClInclude Include="ComponentArray.h">
      <Filter>EngineAPI\ECS\Component</Filter>
    </ClInclude>
    <ClInclude Include="TransformSystem.h">
      <Filter>EngineAPI\ECS\System</Filter>
    </ClInclude>
    <ClInclude Include="Renderer2DSystem.h">
      <Filter>EngineAPI\ECS\System</Filter>
    </ClInclude>
    <ClInclude Include="Renderer2D.h">
      <Filter>EngineAPI\ECS\Component</Filter>
    </ClInclude>
    <ClInclude Include="Camera.h">
      <Filter>EngineAPI\ECS\Component</Filter>
    </ClInclude>
    <ClInclude Include="CameraSystem.h">
      <Filter>EngineAPI\ECS\System</Filter>
    </ClInclude>
    <ClInclude Include="ISystem.h">
      <Filter>EngineAPI\ECS\System\interface</Filter>
    </ClInclude>
    <ClInclude Include="SystemManager.h">
      <Filter>EngineAPI\ECS\System\Manager</Filter>
    </ClInclude>
    <ClInclude Include="Animation2D.h">
      <Filter>EngineAPI\ECS\Component</Filter>
    </ClInclude>
    <ClInclude Include="Animation2DSystem.h">
      <Filter>EngineAPI\ECS\System</Filter>
    </ClInclude>
    <ClInclude Include="Collider2D.h">
      <Filter>EngineAPI\ECS\Component</Filter>
    </ClInclude>
    <ClInclude Include="Collider2DSystem.h">
      <Filter>EngineAPI\ECS\System</Filter>
    </ClInclude>
    <ClInclude Include="Rigidbody2D.h">
      <Filter>EngineAPI\ECS\Component</Filter>
    </ClInclude>
    <ClInclude Include="Rigidbody2DSystem.h">
      <Filter>EngineAPI\ECS\System</Filter>
    </ClInclude>
    <ClInclude Include="ChunkedArray.h">
      <Filter>EngineAPI\ECS</Filter>
    </ClInclude>
    <ClInclude Include="LuaCreate.h">
      <Filter>EngineAPI\Manager\GenerateManager</Filter>
    </ClInclude>
    <ClInclude Include="BoxCollider2D.h">
      <Filter>EngineAPI\ECS\Component</Filter>
    </ClInclude>
    <ClInclude Include="CircleCollider2D.h">
      <Filter>EngineAPI\ECS\Component</Filter>
    </ClInclude>
    <ClInclude Include="PixelObjectLayerPairFilter.h">
      <Filter>EngineAPI\Manager\PhysManager</Filter>
    </ClInclude>
    <ClInclude Include="PixelBroadPhaseLayerFilter.h">
      <Filter>EngineAPI\Manager\PhysManager</Filter>
    </ClInclude>
    <ClInclude Include="EditorManager.h">
      <Filter>EngineAPI\Manager\EditorManager</Filter>
    </ClInclude>
    <ClInclude Include="GroupManager.h">
      <Filter>EngineAPI\Group</Filter>
    </ClInclude>
    <ClInclude Include="Group.h">
      <Filter>EngineAPI\Group</Filter>
    </ClInclude>
    <ClInclude Include="Pool.h">
      <Filter>EngineAPI\Function\Pool</Filter>
    </ClInclude>
    <ClInclude Include="PoolManager.h">
      <Filter>EngineAPI\Function\Pool</Filter>
    </ClInclude>
    <ClInclude Include="Entity.h">
      <Filter>EngineAPI\ECS\Entity</Filter>
    </ClInclude>
    <ClInclude Include="Debug.h">
      <Filter>EngineAPI\Function\Debug</Filter>
    </ClInclude>
    <ClInclude Include="Asset.h">
      <Filter>EngineAPI\Function\Asset</Filter>
    </ClInclude>
    <ClInclude Include="PVector3.h">
      <Filter>EngineAPI\Types\Vector3</Filter>
    </ClInclude>
  </ItemGroup>
  <ItemGroup>
    <ClCompile Include="dllmain.cpp">
      <Filter>소스 파일</Filter>
    </ClCompile>
    <ClCompile Include="PixelEngineAPI.cpp">
      <Filter>EngineAPI</Filter>
    </ClCompile>
    <ClCompile Include="pch.cpp">
      <Filter>EngineAPI\pch</Filter>
    </ClCompile>
    <ClCompile Include="PixelEngine.cpp">
      <Filter>EngineAPI</Filter>
    </ClCompile>
    <ClCompile Include="KeyInputManager.cpp">
      <Filter>EngineAPI\Manager\KeyInputManager</Filter>
    </ClCompile>
    <ClCompile Include="EngineManager.cpp">
      <Filter>EngineAPI\Manager\EngineManager</Filter>
    </ClCompile>
    <ClCompile Include="TimeManager.cpp">
      <Filter>EngineAPI\Manager\TimeManager</Filter>
    </ClCompile>
    <ClCompile Include="LuaManager.cpp">
      <Filter>EngineAPI\Manager\LuaManager</Filter>
    </ClCompile>
    <ClCompile Include="SceneManager.cpp">
      <Filter>EngineAPI\Manager\SceneManager</Filter>
    </ClCompile>
    <ClCompile Include="Scene.cpp">
      <Filter>EngineAPI\Manager\SceneManager</Filter>
    </ClCompile>
    <ClCompile Include="ResourceManager.cpp">
      <Filter>EngineAPI\Manager\ResourceManager</Filter>
    </ClCompile>
    <ClCompile Include="BindManager.cpp">
      <Filter>EngineAPI\Manager\BindManager</Filter>
    </ClCompile>
    <ClCompile Include="PhysManager.cpp">
      <Filter>EngineAPI\Manager\PhysManager</Filter>
    </ClCompile>
    <ClCompile Include="PtrControlBlock.cpp">
      <Filter>EngineAPI\SmartPointer</Filter>
    </ClCompile>
    <ClCompile Include="Export\Core\Module.cpp">
      <Filter>EngineAPI\Module\Module</Filter>
    </ClCompile>
    <ClCompile Include="Export\Module\DebugCamera.cpp">
      <Filter>EngineAPI\Module\DebugCamera</Filter>
    </ClCompile>
    <ClCompile Include="LuaModuleInfo.cpp">
      <Filter>EngineAPI\Manager\LuaManager</Filter>
    </ClCompile>
    <ClCompile Include="Log.cpp">
      <Filter>EngineAPI\Function\Debug</Filter>
    </ClCompile>
    <ClCompile Include="Memory.cpp">
      <Filter>EngineAPI\Function\Debug</Filter>
    </ClCompile>
    <ClCompile Include="JsonManager.cpp">
      <Filter>EngineAPI\Manager\JsonManager</Filter>
    </ClCompile>
    <ClCompile Include="GenerateManager.cpp">
      <Filter>EngineAPI\Manager\GenerateManager</Filter>
    </ClCompile>
    <ClCompile Include="LuaSceneInfo.cpp">
      <Filter>EngineAPI\Manager\LuaManager</Filter>
    </ClCompile>
    <ClCompile Include="LuaBind.cpp">
      <Filter>EngineAPI\Manager\GenerateManager</Filter>
    </ClCompile>
    <ClCompile Include="LSPBind.cpp">
      <Filter>EngineAPI\Manager\GenerateManager</Filter>
    </ClCompile>
    <ClCompile Include="EventManager.cpp">
      <Filter>EngineAPI\Manager\EventManager</Filter>
    </ClCompile>
    <ClCompile Include="TextureManager.cpp">
      <Filter>EngineAPI\Manager\ResourceManager</Filter>
    </ClCompile>
    <ClCompile Include="MaterialManager.cpp">
      <Filter>EngineAPI\Manager\ResourceManager</Filter>
    </ClCompile>
    <ClCompile Include="BitMask8.cpp">
      <Filter>EngineAPI\Types\Bitmask</Filter>
    </ClCompile>
    <ClCompile Include="CoroutineManager.cpp">
      <Filter>EngineAPI\Manager\CoroutineManager</Filter>
    </ClCompile>
    <ClCompile Include="ColliderFactory.cpp">
      <Filter>EngineAPI\Manager\PhysManager</Filter>
    </ClCompile>
    <ClCompile Include="PhysListener.cpp">
      <Filter>EngineAPI\Manager\PhysManager</Filter>
    </ClCompile>
    <ClCompile Include="EntityObject.cpp">
      <Filter>EngineAPI\ECS\Entity</Filter>
    </ClCompile>
    <ClCompile Include="Registry.cpp">
      <Filter>EngineAPI\ECS\Registry</Filter>
    </ClCompile>
    <ClCompile Include="Transform.cpp">
      <Filter>EngineAPI\ECS\Component</Filter>
    </ClCompile>
    <ClCompile Include="TransformSystem.cpp">
      <Filter>EngineAPI\ECS\System</Filter>
    </ClCompile>
    <ClCompile Include="Renderer2DSystem.cpp">
      <Filter>EngineAPI\ECS\System</Filter>
    </ClCompile>
    <ClCompile Include="Renderer2D.cpp">
      <Filter>EngineAPI\ECS\Component</Filter>
    </ClCompile>
    <ClCompile Include="Camera.cpp">
      <Filter>EngineAPI\ECS\Component</Filter>
    </ClCompile>
    <ClCompile Include="CameraSystem.cpp">
      <Filter>EngineAPI\ECS\System</Filter>
    </ClCompile>
    <ClCompile Include="ISystem.cpp">
      <Filter>EngineAPI\ECS\System\interface</Filter>
    </ClCompile>
    <ClCompile Include="SystemManager.cpp">
      <Filter>EngineAPI\ECS\System\Manager</Filter>
    </ClCompile>
    <ClCompile Include="Animation2D.cpp">
      <Filter>EngineAPI\ECS\Component</Filter>
    </ClCompile>
    <ClCompile Include="Animation2DSystem.cpp">
      <Filter>EngineAPI\ECS\System</Filter>
    </ClCompile>
    <ClCompile Include="Collider2D.cpp">
      <Filter>EngineAPI\ECS\Component</Filter>
    </ClCompile>
    <ClCompile Include="Collider2DSystem.cpp">
      <Filter>EngineAPI\ECS\System</Filter>
    </ClCompile>
    <ClCompile Include="Rigidbody2D.cpp">
      <Filter>EngineAPI\ECS\Component</Filter>
    </ClCompile>
    <ClCompile Include="Rigidbody2DSystem.cpp">
      <Filter>EngineAPI\ECS\System</Filter>
    </ClCompile>
    <ClCompile Include="LuaCreate.cpp">
      <Filter>EngineAPI\Manager\GenerateManager</Filter>
    </ClCompile>
    <ClCompile Include="BoxCollider2D.cpp">
      <Filter>EngineAPI\ECS\Component</Filter>
    </ClCompile>
    <ClCompile Include="CircleCollider2D.cpp">
      <Filter>EngineAPI\ECS\Component</Filter>
    </ClCompile>
    <ClCompile Include="PixelObjectLayerPairFilter.cpp">
      <Filter>EngineAPI\Manager\PhysManager</Filter>
    </ClCompile>
    <ClCompile Include="PixelBroadPhaseLayerFilter.cpp">
      <Filter>EngineAPI\Manager\PhysManager</Filter>
    </ClCompile>
    <ClCompile Include="EditorManager.cpp">
      <Filter>EngineAPI\Manager\EditorManager</Filter>
    </ClCompile>
    <ClCompile Include="GroupManager.cpp">
      <Filter>EngineAPI\Group</Filter>
    </ClCompile>
    <ClCompile Include="Group.cpp">
      <Filter>EngineAPI\Group</Filter>
    </ClCompile>
    <ClCompile Include="Pool.cpp">
      <Filter>EngineAPI\Function\Pool</Filter>
    </ClCompile>
    <ClCompile Include="PoolManager.cpp">
      <Filter>EngineAPI\Function\Pool</Filter>
    </ClCompile>
    <ClCompile Include="Event.cpp">
      <Filter>EngineAPI\Manager\EventManager</Filter>
    </ClCompile>
    <ClCompile Include="Entity.cpp">
      <Filter>EngineAPI\ECS\Entity</Filter>
    </ClCompile>
    <ClCompile Include="Debug.cpp">
      <Filter>EngineAPI\Function\Debug</Filter>
    </ClCompile>
    <ClCompile Include="Asset.cpp">
      <Filter>EngineAPI\Function\Asset</Filter>
    </ClCompile>
    <ClCompile Include="PVector3.cpp">
      <Filter>EngineAPI\Types\Vector3</Filter>
    </ClCompile>
  </ItemGroup>
  <ItemGroup>
    <None Include="Setting.lua">
      <Filter>리소스 파일</Filter>
    </None>
    <None Include="PixelEngineC#.i">
      <Filter>EngineAPI</Filter>
    </None>
    <None Include="cpp.hint" />
  </ItemGroup>
  <ItemGroup>
    <ResourceCompile Include="PixelEngine.rc">
      <Filter>리소스 파일</Filter>
    </ResourceCompile>
  </ItemGroup>
</Project>